
Microsoft Visual Studio Solution File, Format Version 12.00
# Visual Studio Version 17
VisualStudioVersion = 17.7.34024.191
MinimumVisualStudioVersion = 10.0.40219.1
Project("{FAE04EC0-301F-11D3-BF4B-00C04F79EFBC}") = "Week7Functions", "Week7Functions\Week7Functions.csproj", "{FE3DCDB2-5927-4BDC-AE18-D0129F527762}"
EndProject
Project("{FAE04EC0-301F-11D3-BF4B-00C04F79EFBC}") = "ArgumentsAndParameters", "ArgumentsAndParameters\ArgumentsAndParameters.csproj", "{62E18CF2-2C6E-4D9B-A09A-0D66AEC08F9D}"
EndProject
Project("{FAE04EC0-301F-11D3-BF4B-00C04F79EFBC}") = "Calculator", "Calculator\Calculator.csproj", "{3D6CEEA4-BAE8-42DC-8F77-FA8CC8F06850}"
EndProject
Project("{FAE04EC0-301F-11D3-BF4B-00C04F79EFBC}") = "DiscountCalculator", "DiscountCalculator\DiscountCalculator.csproj", "{6A571936-6045-461E-B66E-235E96D85A4B}"
EndProject
Global
	GlobalSection(SolutionConfigurationPlatforms) = preSolution
		Debug|Any CPU = Debug|Any CPU
		Release|Any CPU = Release|Any CPU
	EndGlobalSection
	GlobalSection(ProjectConfigurationPlatforms) = postSolution
		{FE3DCDB2-5927-4BDC-AE18-D0129F527762}.Debug|Any CPU.ActiveCfg = Debug|Any CPU
		{FE3DCDB2-5927-4BDC-AE18-D0129F527762}.Debug|Any CPU.Build.0 = Debug|Any CPU
		{FE3DCDB2-5927-4BDC-AE18-D0129F527762}.Release|Any CPU.ActiveCfg = Release|Any CPU
		{FE3DCDB2-5927-4BDC-AE18-D0129F527762}.Release|Any CPU.Build.0 = Release|Any CPU
		{62E18CF2-2C6E-4D9B-A09A-0D66AEC08F9D}.Debug|Any CPU.ActiveCfg = Debug|Any CPU
		{62E18CF2-2C6E-4D9B-A09A-0D66AEC08F9D}.Debug|Any CPU.Build.0 = Debug|Any CPU
		{62E18CF2-2C6E-4D9B-A09A-0D66AEC08F9D}.Release|Any CPU.ActiveCfg = Release|Any CPU
		{62E18CF2-2C6E-4D9B-A09A-0D66AEC08F9D}.Release|Any CPU.Build.0 = Release|Any CPU
		{3D6CEEA4-BAE8-42DC-8F77-FA8CC8F06850}.Debug|Any CPU.ActiveCfg = Debug|Any CPU
		{3D6CEEA4-BAE8-42DC-8F77-FA8CC8F06850}.Debug|Any CPU.Build.0 = Debug|Any CPU
		{3D6CEEA4-BAE8-42DC-8F77-FA8CC8F06850}.Release|Any CPU.ActiveCfg = Release|Any CPU
		{3D6CEEA4-BAE8-42DC-8F77-FA8CC8F06850}.Release|Any CPU.Build.0 = Release|Any CPU
		{6A571936-6045-461E-B66E-235E96D85A4B}.Debug|Any CPU.ActiveCfg = Debug|Any CPU
		{6A571936-6045-461E-B66E-235E96D85A4B}.Debug|Any CPU.Build.0 = Debug|Any CPU
		{6A571936-6045-461E-B66E-235E96D85A4B}.Release|Any CPU.ActiveCfg = Release|Any CPU
		{6A571936-6045-461E-B66E-235E96D85A4B}.Release|Any CPU.Build.0 = Release|Any CPU
	EndGlobalSection
	GlobalSection(SolutionProperties) = preSolution
		HideSolutionNode = FALSE
	EndGlobalSection
	GlobalSection(ExtensibilityGlobals) = postSolution
		SolutionGuid = {50ED82E6-F574-4391-BD00-55DC09135D9B}
	EndGlobalSection
EndGlobal
